
Microsoft Visual Studio Solution File, Format Version 12.00
# Visual Studio Version 16
VisualStudioVersion = 16.0.30011.22
MinimumVisualStudioVersion = 10.0.40219.1
Project("{9A19103F-16F7-4668-BE54-9A1E7A4F7556}") = "SteamCLI", "SteamCLI\SteamCLI.csproj", "{6BB833BE-77AF-4CEA-8A80-F4958B27F560}"
EndProject
Project("{2150E333-8FDC-42A3-9474-1A3956D46DE8}") = "Solution Items", "Solution Items", "{1BC945B3-CC15-44D9-B882-0E0C710CCAC4}"
	ProjectSection(SolutionItems) = preProject
		LICENSE.md = LICENSE.md
		README.md = README.md
	EndProjectSection
EndProject
Global
	GlobalSection(SolutionConfigurationPlatforms) = preSolution
		Debug|Any CPU = Debug|Any CPU
		Release|Any CPU = Release|Any CPU
	EndGlobalSection
	GlobalSection(ProjectConfigurationPlatforms) = postSolution
		{6BB833BE-77AF-4CEA-8A80-F4958B27F560}.Debug|Any CPU.ActiveCfg = Debug|Any CPU
		{6BB833BE-77AF-4CEA-8A80-F4958B27F560}.Debug|Any CPU.Build.0 = Debug|Any CPU
		{6BB833BE-77AF-4CEA-8A80-F4958B27F560}.Release|Any CPU.ActiveCfg = Release|Any CPU
		{6BB833BE-77AF-4CEA-8A80-F4958B27F560}.Release|Any CPU.Build.0 = Release|Any CPU
	EndGlobalSection
	GlobalSection(SolutionProperties) = preSolution
		HideSolutionNode = FALSE
	EndGlobalSection
	GlobalSection(ExtensibilityGlobals) = postSolution
		SolutionGuid = {1538FB24-3D0B-464F-A418-254A796077E9}
	EndGlobalSection
EndGlobal
